{
  "nodes": {
    "flake-utils": {
      "inputs": {
        "systems": "systems"
      },
      "locked": {
        "lastModified": 1687709756,
        "narHash": "sha256-Y5wKlQSkgEK2weWdOu4J3riRd+kV/VCgHsqLNTTWQ/0=",
        "owner": "numtide",
        "repo": "flake-utils",
        "rev": "dbabf0ca0c0c4bce6ea5eaf65af5cb694d2082c7",
        "type": "github"
      },
      "original": {
        "owner": "numtide",
        "repo": "flake-utils",
        "type": "github"
      }
    },
    "mynur": {
      "inputs": {
        "nixpkgs": [
          "nixpkgs"
        ]
      },
      "locked": {
        "lastModified": 1684836510,
        "narHash": "sha256-jnROl5smB4TV/y7vIpl6z6KZkWvyhNVI6KM1eaL0P8w=",
        "owner": "Lykos153",
        "repo": "nur-packages",
        "rev": "9932cd25af9ce973a891172c8ab8928d75d64bc9",
        "type": "github"
      },
      "original": {
        "owner": "Lykos153",
        "repo": "nur-packages",
        "type": "github"
      }
    },
    "nixpkgs": {
      "locked": {
        "lastModified": 1669870025,
        "narHash": "sha256-A2aAZOkKXmOoUxBqijCqx5VOUHGnk8Ov+NJ3VUlWThk=",
        "owner": "ckiee",
        "repo": "nixpkgs",
        "rev": "46c2da3f1e0eba12077c0d25180b4f6000793787",
        "type": "github"
      },
      "original": {
        "owner": "ckiee",
        "ref": "kag-unbork",
        "repo": "nixpkgs",
        "type": "github"
      }
    },
    "root": {
      "inputs": {
        "flake-utils": "flake-utils",
        "mynur": "mynur",
        "nixpkgs": "nixpkgs"
      }
    },
    "systems": {
      "locked": {
        "lastModified": 1681028828,
        "narHash": "sha256-Vy1rq5AaRuLzOxct8nz4T6wlgyUR7zLU309k9mBC768=",
        "owner": "nix-systems",
        "repo": "default",
        "rev": "da67096a3b9bf56a91d16901293e51ba5b49a27e",
        "type": "github"
      },
      "original": {
        "owner": "nix-systems",
        "repo": "default",
        "type": "github"
      }
    }
  },
  "root": "root",
  "version": 7
}
